
Microsoft Visual Studio Solution File, Format Version 12.00
# Visual Studio 15
VisualStudioVersion = 15.0.28307.271
MinimumVisualStudioVersion = 10.0.40219.1
Project("{888888A0-9F3D-457C-B088-3A5042F75D52}") = "01_01_1_plus_1", "01_01_1_plus_1\01_01_1_plus_1.pyproj", "{E268C876-0680-495F-A7C2-0406774B1A06}"
EndProject
Project("{888888A0-9F3D-457C-B088-3A5042F75D52}") = "01_02_LinearRegression", "01_02_LinearRegression\01_02_LinearRegression.pyproj", "{011F78B1-4D1B-41C3-B1EC-A6773B19F8AD}"
EndProject
Project("{2150E333-8FDC-42A3-9474-1A3956D46DE8}") = "01_Basic", "01_Basic", "{E495E25B-47B2-4BDC-931D-119FE1E27EED}"
EndProject
Project("{888888A0-9F3D-457C-B088-3A5042F75D52}") = "02_01_Model_Layer", "02_01_Model_Layer\02_01_Model_Layer.pyproj", "{EBE5B42F-7682-42A2-B8F4-E55A0581F7A7}"
EndProject
Project("{2150E333-8FDC-42A3-9474-1A3956D46DE8}") = "02_Model", "02_Model", "{9B4D84FA-6081-4F86-A2D7-641EEB1F00D5}"
EndProject
Project("{888888A0-9F3D-457C-B088-3A5042F75D52}") = "02_02_DFN", "02_02_DFN\02_02_DFN.pyproj", "{A7E56042-F2CA-4AB8-82AF-00A20D6E1D04}"
EndProject
Project("{888888A0-9F3D-457C-B088-3A5042F75D52}") = "02_03_CNN", "02_03_CNN\02_03_CNN.pyproj", "{52F00987-7AA2-47E0-ABC3-D0CD0EBEF087}"
EndProject
Project("{888888A0-9F3D-457C-B088-3A5042F75D52}") = "02_04_RNN", "02_04_RNN\02_04_RNN.pyproj", "{DF246EC8-68F6-45A5-9F66-73C01B93E70F}"
EndProject
Project("{888888A0-9F3D-457C-B088-3A5042F75D52}") = "02_05_DRL", "02_05_DRL\02_05_DRL.pyproj", "{3AD34638-A9C5-425F-ACEE-0482DA2D1AB9}"
EndProject
Global
	GlobalSection(SolutionConfigurationPlatforms) = preSolution
		Debug|Any CPU = Debug|Any CPU
		Release|Any CPU = Release|Any CPU
	EndGlobalSection
	GlobalSection(ProjectConfigurationPlatforms) = postSolution
		{E268C876-0680-495F-A7C2-0406774B1A06}.Debug|Any CPU.ActiveCfg = Debug|Any CPU
		{E268C876-0680-495F-A7C2-0406774B1A06}.Release|Any CPU.ActiveCfg = Release|Any CPU
		{011F78B1-4D1B-41C3-B1EC-A6773B19F8AD}.Debug|Any CPU.ActiveCfg = Debug|Any CPU
		{011F78B1-4D1B-41C3-B1EC-A6773B19F8AD}.Release|Any CPU.ActiveCfg = Release|Any CPU
		{EBE5B42F-7682-42A2-B8F4-E55A0581F7A7}.Debug|Any CPU.ActiveCfg = Debug|Any CPU
		{EBE5B42F-7682-42A2-B8F4-E55A0581F7A7}.Release|Any CPU.ActiveCfg = Release|Any CPU
		{A7E56042-F2CA-4AB8-82AF-00A20D6E1D04}.Debug|Any CPU.ActiveCfg = Debug|Any CPU
		{A7E56042-F2CA-4AB8-82AF-00A20D6E1D04}.Release|Any CPU.ActiveCfg = Release|Any CPU
		{52F00987-7AA2-47E0-ABC3-D0CD0EBEF087}.Debug|Any CPU.ActiveCfg = Debug|Any CPU
		{52F00987-7AA2-47E0-ABC3-D0CD0EBEF087}.Release|Any CPU.ActiveCfg = Release|Any CPU
		{DF246EC8-68F6-45A5-9F66-73C01B93E70F}.Debug|Any CPU.ActiveCfg = Debug|Any CPU
		{DF246EC8-68F6-45A5-9F66-73C01B93E70F}.Release|Any CPU.ActiveCfg = Release|Any CPU
		{3AD34638-A9C5-425F-ACEE-0482DA2D1AB9}.Debug|Any CPU.ActiveCfg = Debug|Any CPU
		{3AD34638-A9C5-425F-ACEE-0482DA2D1AB9}.Release|Any CPU.ActiveCfg = Release|Any CPU
	EndGlobalSection
	GlobalSection(SolutionProperties) = preSolution
		HideSolutionNode = FALSE
	EndGlobalSection
	GlobalSection(NestedProjects) = preSolution
		{E268C876-0680-495F-A7C2-0406774B1A06} = {E495E25B-47B2-4BDC-931D-119FE1E27EED}
		{011F78B1-4D1B-41C3-B1EC-A6773B19F8AD} = {E495E25B-47B2-4BDC-931D-119FE1E27EED}
		{EBE5B42F-7682-42A2-B8F4-E55A0581F7A7} = {9B4D84FA-6081-4F86-A2D7-641EEB1F00D5}
		{A7E56042-F2CA-4AB8-82AF-00A20D6E1D04} = {9B4D84FA-6081-4F86-A2D7-641EEB1F00D5}
		{52F00987-7AA2-47E0-ABC3-D0CD0EBEF087} = {9B4D84FA-6081-4F86-A2D7-641EEB1F00D5}
		{DF246EC8-68F6-45A5-9F66-73C01B93E70F} = {9B4D84FA-6081-4F86-A2D7-641EEB1F00D5}
		{3AD34638-A9C5-425F-ACEE-0482DA2D1AB9} = {9B4D84FA-6081-4F86-A2D7-641EEB1F00D5}
	EndGlobalSection
	GlobalSection(ExtensibilityGlobals) = postSolution
		SolutionGuid = {9BF68989-AA1D-47AE-B9F6-1D7BF43919E1}
	EndGlobalSection
EndGlobal
